// !$*UTF8*$!
{
	archiveVersion = 1;
	classes = {
	};
	objectVersion = 56;
	objects = {

/* Begin PBXBuildFile section */
		84CD4F202A4E16A90022E399 /* AppDelegate.swift in Sources */ = {isa = PBXBuildFile; fileRef = 84CD4F1F2A4E16A90022E399 /* AppDelegate.swift */; };
		84CD4F222A4E16A90022E399 /* SceneDelegate.swift in Sources */ = {isa = PBXBuildFile; fileRef = 84CD4F212A4E16A90022E399 /* SceneDelegate.swift */; };
		84CD4F242A4E16A90022E399 /* ViewController.swift in Sources */ = {isa = PBXBuildFile; fileRef = 84CD4F232A4E16A90022E399 /* ViewController.swift */; };
		84CD4F272A4E16A90022E399 /* Main.storyboard in Resources */ = {isa = PBXBuildFile; fileRef = 84CD4F252A4E16A90022E399 /* Main.storyboard */; };
		84CD4F292A4E16AB0022E399 /* Assets.xcassets in Resources */ = {isa = PBXBuildFile; fileRef = 84CD4F282A4E16AB0022E399 /* Assets.xcassets */; };
		84CD4F2C2A4E16AB0022E399 /* LaunchScreen.storyboard in Resources */ = {isa = PBXBuildFile; fileRef = 84CD4F2A2A4E16AB0022E399 /* LaunchScreen.storyboard */; };
		84CD4F372A4E16AB0022E399 /* CounterTests.swift in Sources */ = {isa = PBXBuildFile; fileRef = 84CD4F362A4E16AB0022E399 /* CounterTests.swift */; };
		84CD4F412A4E16AB0022E399 /* CounterUITests.swift in Sources */ = {isa = PBXBuildFile; fileRef = 84CD4F402A4E16AB0022E399 /* CounterUITests.swift */; };
		84CD4F432A4E16AB0022E399 /* CounterUITestsLaunchTests.swift in Sources */ = {isa = PBXBuildFile; fileRef = 84CD4F422A4E16AB0022E399 /* CounterUITestsLaunchTests.swift */; };
/* End PBXBuildFile section */

/* Begin PBXContainerItemProxy section */
		84CD4F332A4E16AB0022E399 /* PBXContainerItemProxy */ = {
			isa = PBXContainerItemProxy;
			containerPortal = 84CD4F142A4E16A90022E399 /* Project object */;
			proxyType = 1;
			remoteGlobalIDString = 84CD4F1B2A4E16A90022E399;
			remoteInfo = Counter;
		};
		84CD4F3D2A4E16AB0022E399 /* PBXContainerItemProxy */ = {
			isa = PBXContainerItemProxy;
			containerPortal = 84CD4F142A4E16A90022E399 /* Project object */;
			proxyType = 1;
			remoteGlobalIDString = 84CD4F1B2A4E16A90022E399;
			remoteInfo = Counter;
		};
/* End PBXContainerItemProxy section */

/* Begin PBXFileReference section */
		84CD4F1C2A4E16A90022E399 /* Counter.app */ = {isa = PBXFileReference; explicitFileType = wrapper.application; includeInIndex = 0; path = Counter.app; sourceTree = BUILT_PRODUCTS_DIR; };
		84CD4F1F2A4E16A90022E399 /* AppDelegate.swift */ = {isa = PBXFileReference; lastKnownFileType = sourcecode.swift; path = AppDelegate.swift; sourceTree = "<group>"; };
		84CD4F212A4E16A90022E399 /* SceneDelegate.swift */ = {isa = PBXFileReference; lastKnownFileType = sourcecode.swift; path = SceneDelegate.swift; sourceTree = "<group>"; };
		84CD4F232A4E16A90022E399 /* ViewController.swift */ = {isa = PBXFileReference; lastKnownFileType = sourcecode.swift; path = ViewController.swift; sourceTree = "<group>"; };
		84CD4F262A4E16A90022E399 /* Base */ = {isa = PBXFileReference; lastKnownFileType = file.storyboard; name = Base; path = Base.lproj/Main.storyboard; sourceTree = "<group>"; };
		84CD4F282A4E16AB0022E399 /* Assets.xcassets */ = {isa = PBXFileReference; lastKnownFileType = folder.assetcatalog; path = Assets.xcassets; sourceTree = "<group>"; };
		84CD4F2B2A4E16AB0022E399 /* Base */ = {isa = PBXFileReference; lastKnownFileType = file.storyboard; name = Base; path = Base.lproj/LaunchScreen.storyboard; sourceTree = "<group>"; };
		84CD4F2D2A4E16AB0022E399 /* Info.plist */ = {isa = PBXFileReference; lastKnownFileType = text.plist.xml; path = Info.plist; sourceTree = "<group>"; };
		84CD4F322A4E16AB0022E399 /* CounterTests.xctest */ = {isa = PBXFileReference; explicitFileType = wrapper.cfbundle; includeInIndex = 0; path = CounterTests.xctest; sourceTree = BUILT_PRODUCTS_DIR; };
		84CD4F362A4E16AB0022E399 /* CounterTests.swift */ = {isa = PBXFileReference; lastKnownFileType = sourcecode.swift; path = CounterTests.swift; sourceTree = "<group>"; };
		84CD4F3C2A4E16AB0022E399 /* CounterUITests.xctest */ = {isa = PBXFileReference; explicitFileType = wrapper.cfbundle; includeInIndex = 0; path = CounterUITests.xctest; sourceTree = BUILT_PRODUCTS_DIR; };
		84CD4F402A4E16AB0022E399 /* CounterUITests.swift */ = {isa = PBXFileReference; lastKnownFileType = sourcecode.swift; path = CounterUITests.swift; sourceTree = "<group>"; };
		84CD4F422A4E16AB0022E399 /* CounterUITestsLaunchTests.swift */ = {isa = PBXFileReference; lastKnownFileType = sourcecode.swift; path = CounterUITestsLaunchTests.swift; sourceTree = "<group>"; };
/* End PBXFileReference section */

/* Begin PBXFrameworksBuildPhase section */
		84CD4F192A4E16A90022E399 /* Frameworks */ = {
			isa = PBXFrameworksBuildPhase;
			buildActionMask = 2147483647;
			files = (
			);
			runOnlyForDeploymentPostprocessing = 0;
		};
		84CD4F2F2A4E16AB0022E399 /* Frameworks */ = {
			isa = PBXFrameworksBuildPhase;
			buildActionMask = 2147483647;
			files = (
			);
			runOnlyForDeploymentPostprocessing = 0;
		};
		84CD4F392A4E16AB0022E399 /* Frameworks */ = {
			isa = PBXFrameworksBuildPhase;
			buildActionMask = 2147483647;
			files = (
			);
			runOnlyForDeploymentPostprocessing = 0;
		};
/* End PBXFrameworksBuildPhase section */

/* Begin PBXGroup section */
		84CD4F132A4E16A90022E399 = {
			isa = PBXGroup;
			children = (
				84CD4F1E2A4E16A90022E399 /* Counter */,
				84CD4F352A4E16AB0022E399 /* CounterTests */,
				84CD4F3F2A4E16AB0022E399 /* CounterUITests */,
				84CD4F1D2A4E16A90022E399 /* Products */,
			);
			sourceTree = "<group>";
		};
		84CD4F1D2A4E16A90022E399 /* Products */ = {
			isa = PBXGroup;
			children = (
				84CD4F1C2A4E16A90022E399 /* Counter.app */,
				84CD4F322A4E16AB0022E399 /* CounterTests.xctest */,
				84CD4F3C2A4E16AB0022E399 /* CounterUITests.xctest */,
			);
			name = Products;
			sourceTree = "<group>";
		};
		84CD4F1E2A4E16A90022E399 /* Counter */ = {
			isa = PBXGroup;
			children = (
				84CD4F1F2A4E16A90022E399 /* AppDelegate.swift */,
				84CD4F212A4E16A90022E399 /* SceneDelegate.swift */,
				84CD4F232A4E16A90022E399 /* ViewController.swift */,
				84CD4F252A4E16A90022E399 /* Main.storyboard */,
				84CD4F282A4E16AB0022E399 /* Assets.xcassets */,
				84CD4F2A2A4E16AB0022E399 /* LaunchScreen.storyboard */,
				84CD4F2D2A4E16AB0022E399 /* Info.plist */,
			);
			path = Counter;
			sourceTree = "<group>";
		};
		84CD4F352A4E16AB0022E399 /* CounterTests */ = {
			isa = PBXGroup;
			children = (
				84CD4F362A4E16AB0022E399 /* CounterTests.swift */,
			);
			path = CounterTests;
			sourceTree = "<group>";
		};
		84CD4F3F2A4E16AB0022E399 /* CounterUITests */ = {
			isa = PBXGroup;
			children = (
				84CD4F402A4E16AB0022E399 /* CounterUITests.swift */,
				84CD4F422A4E16AB0022E399 /* CounterUITestsLaunchTests.swift */,
			);
			path = CounterUITests;
			sourceTree = "<group>";
		};
/* End PBXGroup section */

/* Begin PBXNativeTarget section */
		84CD4F1B2A4E16A90022E399 /* Counter */ = {
			isa = PBXNativeTarget;
			buildConfigurationList = 84CD4F462A4E16AB0022E399 /* Build configuration list for PBXNativeTarget "Counter" */;
			buildPhases = (
				84CD4F182A4E16A90022E399 /* Sources */,
				84CD4F192A4E16A90022E399 /* Frameworks */,
				84CD4F1A2A4E16A90022E399 /* Resources */,
			);
			buildRules = (
			);
			dependencies = (
			);
			name = Counter;
			productName = Counter;
			productReference = 84CD4F1C2A4E16A90022E399 /* Counter.app */;
			productType = "com.apple.product-type.application";
		};
		84CD4F312A4E16AB0022E399 /* CounterTests */ = {
			isa = PBXNativeTarget;
			buildConfigurationList = 84CD4F492A4E16AB0022E399 /* Build configuration list for PBXNativeTarget "CounterTests" */;
			buildPhases = (
				84CD4F2E2A4E16AB0022E399 /* Sources */,
				84CD4F2F2A4E16AB0022E399 /* Frameworks */,
				84CD4F302A4E16AB0022E399 /* Resources */,
			);
			buildRules = (
			);
			dependencies = (
				84CD4F342A4E16AB0022E399 /* PBXTargetDependency */,
			);
			name = CounterTests;
			productName = CounterTests;
			productReference = 84CD4F322A4E16AB0022E399 /* CounterTests.xctest */;
			productType = "com.apple.product-type.bundle.unit-test";
		};
		84CD4F3B2A4E16AB0022E399 /* CounterUITests */ = {
			isa = PBXNativeTarget;
			buildConfigurationList = 84CD4F4C2A4E16AB0022E399 /* Build configuration list for PBXNativeTarget "CounterUITests" */;
			buildPhases = (
				84CD4F382A4E16AB0022E399 /* Sources */,
				84CD4F392A4E16AB0022E399 /* Frameworks */,
				84CD4F3A2A4E16AB0022E399 /* Resources */,
			);
			buildRules = (
			);
			dependencies = (
				84CD4F3E2A4E16AB0022E399 /* PBXTargetDependency */,
			);
			name = CounterUITests;
			productName = CounterUITests;
			productReference = 84CD4F3C2A4E16AB0022E399 /* CounterUITests.xctest */;
			productType = "com.apple.product-type.bundle.ui-testing";
		};
/* End PBXNativeTarget section */

/* Begin PBXProject section */
		84CD4F142A4E16A90022E399 /* Project object */ = {
			isa = PBXProject;
			attributes = {
				BuildIndependentTargetsInParallel = 1;
				LastSwiftUpdateCheck = 1430;
				LastUpgradeCheck = 1430;
				TargetAttributes = {
					84CD4F1B2A4E16A90022E399 = {
						CreatedOnToolsVersion = 14.3;
					};
					84CD4F312A4E16AB0022E399 = {
						CreatedOnToolsVersion = 14.3;
						TestTargetID = 84CD4F1B2A4E16A90022E399;
					};
					84CD4F3B2A4E16AB0022E399 = {
						CreatedOnToolsVersion = 14.3;
						TestTargetID = 84CD4F1B2A4E16A90022E399;
					};
				};
			};
			buildConfigurationList = 84CD4F172A4E16A90022E399 /* Build configuration list for PBXProject "Counter" */;
			compatibilityVersion = "Xcode 14.0";
			developmentRegion = en;
			hasScannedForEncodings = 0;
			knownRegions = (
				en,
				Base,
			);
			mainGroup = 84CD4F132A4E16A90022E399;
			productRefGroup = 84CD4F1D2A4E16A90022E399 /* Products */;
			projectDirPath = "";
			projectRoot = "";
			targets = (
				84CD4F1B2A4E16A90022E399 /* Counter */,
				84CD4F312A4E16AB0022E399 /* CounterTests */,
				84CD4F3B2A4E16AB0022E399 /* CounterUITests */,
			);
		};
/* End PBXProject section */

/* Begin PBXResourcesBuildPhase section */
		84CD4F1A2A4E16A90022E399 /* Resources */ = {
			isa = PBXResourcesBuildPhase;
			buildActionMask = 2147483647;
			files = (
				84CD4F2C2A4E16AB0022E399 /* LaunchScreen.storyboard in Resources */,
				84CD4F292A4E16AB0022E399 /* Assets.xcassets in Resources */,
				84CD4F272A4E16A90022E399 /* Main.storyboard in Resources */,
			);
			runOnlyForDeploymentPostprocessing = 0;
		};
		84CD4F302A4E16AB0022E399 /* Resources */ = {
			isa = PBXResourcesBuildPhase;
			buildActionMask = 2147483647;
			files = (
			);
			runOnlyForDeploymentPostprocessing = 0;
		};
		84CD4F3A2A4E16AB0022E399 /* Resources */ = {
			isa = PBXResourcesBuildPhase;
			buildActionMask = 2147483647;
			files = (
			);
			runOnlyForDeploymentPostprocessing = 0;
		};
/* End PBXResourcesBuildPhase section */

/* Begin PBXSourcesBuildPhase section */
		84CD4F182A4E16A90022E399 /* Sources */ = {
			isa = PBXSourcesBuildPhase;
			buildActionMask = 2147483647;
			files = (
				84CD4F242A4E16A90022E399 /* ViewController.swift in Sources */,
				84CD4F202A4E16A90022E399 /* AppDelegate.swift in Sources */,
				84CD4F222A4E16A90022E399 /* SceneDelegate.swift in Sources */,
			);
			runOnlyForDeploymentPostprocessing = 0;
		};
		84CD4F2E2A4E16AB0022E399 /* Sources */ = {
			isa = PBXSourcesBuildPhase;
			buildActionMask = 2147483647;
			files = (
				84CD4F372A4E16AB0022E399 /* CounterTests.swift in Sources */,
			);
			runOnlyForDeploymentPostprocessing = 0;
		};
		84CD4F382A4E16AB0022E399 /* Sources */ = {
			isa = PBXSourcesBuildPhase;
			buildActionMask = 2147483647;
			files = (
				84CD4F412A4E16AB0022E399 /* CounterUITests.swift in Sources */,
				84CD4F432A4E16AB0022E399 /* CounterUITestsLaunchTests.swift in Sources */,
			);
			runOnlyForDeploymentPostprocessing = 0;
		};
/* End PBXSourcesBuildPhase section */

/* Begin PBXTargetDependency section */
		84CD4F342A4E16AB0022E399 /* PBXTargetDependency */ = {
			isa = PBXTargetDependency;
			target = 84CD4F1B2A4E16A90022E399 /* Counter */;
			targetProxy = 84CD4F332A4E16AB0022E399 /* PBXContainerItemProxy */;
		};
		84CD4F3E2A4E16AB0022E399 /* PBXTargetDependency */ = {
			isa = PBXTargetDependency;
			target = 84CD4F1B2A4E16A90022E399 /* Counter */;
			targetProxy = 84CD4F3D2A4E16AB0022E399 /* PBXContainerItemProxy */;
		};
/* End PBXTargetDependency section */

/* Begin PBXVariantGroup section */
		84CD4F252A4E16A90022E399 /* Main.storyboard */ = {
			isa = PBXVariantGroup;
			children = (
				84CD4F262A4E16A90022E399 /* Base */,
			);
			name = Main.storyboard;
			sourceTree = "<group>";
		};
		84CD4F2A2A4E16AB0022E399 /* LaunchScreen.storyboard */ = {
			isa = PBXVariantGroup;
			children = (
				84CD4F2B2A4E16AB0022E399 /* Base */,
			);
			name = LaunchScreen.storyboard;
			sourceTree = "<group>";
		};
/* End PBXVariantGroup section */

/* Begin XCBuildConfiguration section */
		84CD4F442A4E16AB0022E399 /* Debug */ = {
			isa = XCBuildConfiguration;
			buildSettings = {
				ALWAYS_SEARCH_USER_PATHS = NO;
				CLANG_ANALYZER_NONNULL = YES;
				CLANG_ANALYZER_NUMBER_OBJECT_CONVERSION = YES_AGGRESSIVE;
				CLANG_CXX_LANGUAGE_STANDARD = "gnu++20";
				CLANG_ENABLE_MODULES = YES;
				CLANG_ENABLE_OBJC_ARC = YES;
				CLANG_ENABLE_OBJC_WEAK = YES;
				CLANG_WARN_BLOCK_CAPTURE_AUTORELEASING = YES;
				CLANG_WARN_BOOL_CONVERSION = YES;
				CLANG_WARN_COMMA = YES;
				CLANG_WARN_CONSTANT_CONVERSION = YES;
				CLANG_WARN_DEPRECATED_OBJC_IMPLEMENTATIONS = YES;
				CLANG_WARN_DIRECT_OBJC_ISA_USAGE = YES_ERROR;
				CLANG_WARN_DOCUMENTATION_COMMENTS = YES;
				CLANG_WARN_EMPTY_BODY = YES;
				CLANG_WARN_ENUM_CONVERSION = YES;
				CLANG_WARN_INFINITE_RECURSION = YES;
				CLANG_WARN_INT_CONVERSION = YES;
				CLANG_WARN_NON_LITERAL_NULL_CONVERSION = YES;
				CLANG_WARN_OBJC_IMPLICIT_RETAIN_SELF = YES;
				CLANG_WARN_OBJC_LITERAL_CONVERSION = YES;
				CLANG_WARN_OBJC_ROOT_CLASS = YES_ERROR;
				CLANG_WARN_QUOTED_INCLUDE_IN_FRAMEWORK_HEADER = YES;
				CLANG_WARN_RANGE_LOOP_ANALYSIS = YES;
				CLANG_WARN_STRICT_PROTOTYPES = YES;
				CLANG_WARN_SUSPICIOUS_MOVE = YES;
				CLANG_WARN_UNGUARDED_AVAILABILITY = YES_AGGRESSIVE;
				CLANG_WARN_UNREACHABLE_CODE = YES;
				CLANG_WARN__DUPLICATE_METHOD_MATCH = YES;
				COPY_PHASE_STRIP = NO;
				DEBUG_INFORMATION_FORMAT = dwarf;
				ENABLE_STRICT_OBJC_MSGSEND = YES;
				ENABLE_TESTABILITY = YES;
				GCC_C_LANGUAGE_STANDARD = gnu11;
				GCC_DYNAMIC_NO_PIC = NO;
				GCC_NO_COMMON_BLOCKS = YES;
				GCC_OPTIMIZATION_LEVEL = 0;
				GCC_PREPROCESSOR_DEFINITIONS = (
					"DEBUG=1",
					"$(inherited)",
				);
				GCC_WARN_64_TO_32_BIT_CONVERSION = YES;
				GCC_WARN_ABOUT_RETURN_TYPE = YES_ERROR;
				GCC_WARN_UNDECLARED_SELECTOR = YES;
				GCC_WARN_UNINITIALIZED_AUTOS = YES_AGGRESSIVE;
				GCC_WARN_UNUSED_FUNCTION = YES;
				GCC_WARN_UNUSED_VARIABLE = YES;
				IPHONEOS_DEPLOYMENT_TARGET = 16.4;
				MTL_ENABLE_DEBUG_INFO = INCLUDE_SOURCE;
				MTL_FAST_MATH = YES;
				ONLY_ACTIVE_ARCH = YES;
				SDKROOT = iphoneos;
				SWIFT_ACTIVE_COMPILATION_CONDITIONS = DEBUG;
				SWIFT_OPTIMIZATION_LEVEL = "-Onone";
			};
			name = Debug;
		};
		84CD4F452A4E16AB0022E399 /* Release */ = {
			isa = XCBuildConfiguration;
			buildSettings = {
				ALWAYS_SEARCH_USER_PATHS = NO;
				CLANG_ANALYZER_NONNULL = YES;
				CLANG_ANALYZER_NUMBER_OBJECT_CONVERSION = YES_AGGRESSIVE;
				CLANG_CXX_LANGUAGE_STANDARD = "gnu++20";
				CLANG_ENABLE_MODULES = YES;
				CLANG_ENABLE_OBJC_ARC = YES;
				CLANG_ENABLE_OBJC_WEAK = YES;
				CLANG_WARN_BLOCK_CAPTURE_AUTORELEASING = YES;
				CLANG_WARN_BOOL_CONVERSION = YES;
				CLANG_WARN_COMMA = YES;
				CLANG_WARN_CONSTANT_CONVERSION = YES;
				CLANG_WARN_DEPRECATED_OBJC_IMPLEMENTATIONS = YES;
				CLANG_WARN_DIRECT_OBJC_ISA_USAGE = YES_ERROR;
				CLANG_WARN_DOCUMENTATION_COMMENTS = YES;
				CLANG_WARN_EMPTY_BODY = YES;
				CLANG_WARN_ENUM_CONVERSION = YES;
				CLANG_WARN_INFINITE_RECURSION = YES;
				CLANG_WARN_INT_CONVERSION = YES;
				CLANG_WARN_NON_LITERAL_NULL_CONVERSION = YES;
				CLANG_WARN_OBJC_IMPLICIT_RETAIN_SELF = YES;
				CLANG_WARN_OBJC_LITERAL_CONVERSION = YES;
				CLANG_WARN_OBJC_ROOT_CLASS = YES_ERROR;
				CLANG_WARN_QUOTED_INCLUDE_IN_FRAMEWORK_HEADER = YES;
				CLANG_WARN_RANGE_LOOP_ANALYSIS = YES;
				CLANG_WARN_STRICT_PROTOTYPES = YES;
				CLANG_WARN_SUSPICIOUS_MOVE = YES;
				CLANG_WARN_UNGUARDED_AVAILABILITY = YES_AGGRESSIVE;
				CLANG_WARN_UNREACHABLE_CODE = YES;
				CLANG_WARN__DUPLICATE_METHOD_MATCH = YES;
				COPY_PHASE_STRIP = NO;
				DEBUG_INFORMATION_FORMAT = "dwarf-with-dsym";
				ENABLE_NS_ASSERTIONS = NO;
				ENABLE_STRICT_OBJC_MSGSEND = YES;
				GCC_C_LANGUAGE_STANDARD = gnu11;
				GCC_NO_COMMON_BLOCKS = YES;
				GCC_WARN_64_TO_32_BIT_CONVERSION = YES;
				GCC_WARN_ABOUT_RETURN_TYPE = YES_ERROR;
				GCC_WARN_UNDECLARED_SELECTOR = YES;
				GCC_WARN_UNINITIALIZED_AUTOS = YES_AGGRESSIVE;
				GCC_WARN_UNUSED_FUNCTION = YES;
				GCC_WARN_UNUSED_VARIABLE = YES;
				IPHONEOS_DEPLOYMENT_TARGET = 16.4;
				MTL_ENABLE_DEBUG_INFO = NO;
				MTL_FAST_MATH = YES;
				SDKROOT = iphoneos;
				SWIFT_COMPILATION_MODE = wholemodule;
				SWIFT_OPTIMIZATION_LEVEL = "-O";
				VALIDATE_PRODUCT = YES;
			};
			name = Release;
		};
		84CD4F472A4E16AB0022E399 /* Debug */ = {
			isa = XCBuildConfiguration;
			buildSettings = {
				ASSETCATALOG_COMPILER_APPICON_NAME = AppIcon;
				ASSETCATALOG_COMPILER_GLOBAL_ACCENT_COLOR_NAME = AccentColor;
				CODE_SIGN_STYLE = Automatic;
				CURRENT_PROJECT_VERSION = 1;
				DEVELOPMENT_TEAM = JJ9B3D74LX;
				GENERATE_INFOPLIST_FILE = YES;
				INFOPLIST_FILE = Counter/Info.plist;
				INFOPLIST_KEY_UIApplicationSupportsIndirectInputEvents = YES;
				INFOPLIST_KEY_UILaunchStoryboardName = LaunchScreen;
				INFOPLIST_KEY_UIMainStoryboardFile = Main;
				INFOPLIST_KEY_UISupportedInterfaceOrientations_iPad = "UIInterfaceOrientationPortrait UIInterfaceOrientationPortraitUpsideDown UIInterfaceOrientationLandscapeLeft UIInterfaceOrientationLandscapeRight";
				INFOPLIST_KEY_UISupportedInterfaceOrientations_iPhone = "UIInterfaceOrientationPortrait UIInterfaceOrientationLandscapeLeft UIInterfaceOrientationLandscapeRight";
				LD_RUNPATH_SEARCH_PATHS = (
					"$(inherited)",
					"@executable_path/Frameworks",
				);
				MARKETING_VERSION = 1.0;
				PRODUCT_BUNDLE_IDENTIFIER = Dmitfree.Counter;
				PRODUCT_NAME = "$(TARGET_NAME)";
				SWIFT_EMIT_LOC_STRINGS = YES;
				SWIFT_VERSION = 5.0;
				TARGETED_DEVICE_FAMILY = "1,2";
			};
			name = Debug;
		};
		84CD4F482A4E16AB0022E399 /* Release */ = {
			isa = XCBuildConfiguration;
			buildSettings = {
				ASSETCATALOG_COMPILER_APPICON_NAME = AppIcon;
				ASSETCATALOG_COMPILER_GLOBAL_ACCENT_COLOR_NAME = AccentColor;
				CODE_SIGN_STYLE = Automatic;
				CURRENT_PROJECT_VERSION = 1;
				DEVELOPMENT_TEAM = JJ9B3D74LX;
				GENERATE_INFOPLIST_FILE = YES;
				INFOPLIST_FILE = Counter/Info.plist;
				INFOPLIST_KEY_UIApplicationSupportsIndirectInputEvents = YES;
				INFOPLIST_KEY_UILaunchStoryboardName = LaunchScreen;
				INFOPLIST_KEY_UIMainStoryboardFile = Main;
				INFOPLIST_KEY_UISupportedInterfaceOrientations_iPad = "UIInterfaceOrientationPortrait UIInterfaceOrientationPortraitUpsideDown UIInterfaceOrientationLandscapeLeft UIInterfaceOrientationLandscapeRight";
				INFOPLIST_KEY_UISupportedInterfaceOrientations_iPhone = "UIInterfaceOrientationPortrait UIInterfaceOrientationLandscapeLeft UIInterfaceOrientationLandscapeRight";
				LD_RUNPATH_SEARCH_PATHS = (
					"$(inherited)",
					"@executable_path/Frameworks",
				);
				MARKETING_VERSION = 1.0;
				PRODUCT_BUNDLE_IDENTIFIER = Dmitfree.Counter;
				PRODUCT_NAME = "$(TARGET_NAME)";
				SWIFT_EMIT_LOC_STRINGS = YES;
				SWIFT_VERSION = 5.0;
				TARGETED_DEVICE_FAMILY = "1,2";
			};
			name = Release;
		};
		84CD4F4A2A4E16AB0022E399 /* Debug */ = {
			isa = XCBuildConfiguration;
			buildSettings = {
				ALWAYS_EMBED_SWIFT_STANDARD_LIBRARIES = YES;
				BUNDLE_LOADER = "$(TEST_HOST)";
				CODE_SIGN_STYLE = Automatic;
				CURRENT_PROJECT_VERSION = 1;
				DEVELOPMENT_TEAM = JJ9B3D74LX;
				GENERATE_INFOPLIST_FILE = YES;
				IPHONEOS_DEPLOYMENT_TARGET = 16.4;
				MARKETING_VERSION = 1.0;
				PRODUCT_BUNDLE_IDENTIFIER = Dmitfree.CounterTests;
				PRODUCT_NAME = "$(TARGET_NAME)";
				SWIFT_EMIT_LOC_STRINGS = NO;
				SWIFT_VERSION = 5.0;
				TARGETED_DEVICE_FAMILY = "1,2";
				TEST_HOST = "$(BUILT_PRODUCTS_DIR)/Counter.app/$(BUNDLE_EXECUTABLE_FOLDER_PATH)/Counter";
			};
			name = Debug;
		};
		84CD4F4B2A4E16AB0022E399 /* Release */ = {
			isa = XCBuildConfiguration;
			buildSettings = {
				ALWAYS_EMBED_SWIFT_STANDARD_LIBRARIES = YES;
				BUNDLE_LOADER = "$(TEST_HOST)";
				CODE_SIGN_STYLE = Automatic;
				CURRENT_PROJECT_VERSION = 1;
				DEVELOPMENT_TEAM = JJ9B3D74LX;
				GENERATE_INFOPLIST_FILE = YES;
				IPHONEOS_DEPLOYMENT_TARGET = 16.4;
				MARKETING_VERSION = 1.0;
				PRODUCT_BUNDLE_IDENTIFIER = Dmitfree.CounterTests;
				PRODUCT_NAME = "$(TARGET_NAME)";
				SWIFT_EMIT_LOC_STRINGS = NO;
				SWIFT_VERSION = 5.0;
				TARGETED_DEVICE_FAMILY = "1,2";
				TEST_HOST = "$(BUILT_PRODUCTS_DIR)/Counter.app/$(BUNDLE_EXECUTABLE_FOLDER_PATH)/Counter";
			};
			name = Release;
		};
		84CD4F4D2A4E16AB0022E399 /* Debug */ = {
			isa = XCBuildConfiguration;
			buildSettings = {
				ALWAYS_EMBED_SWIFT_STANDARD_LIBRARIES = YES;
				CODE_SIGN_STYLE = Automatic;
				CURRENT_PROJECT_VERSION = 1;
				DEVELOPMENT_TEAM = JJ9B3D74LX;
				GENERATE_INFOPLIST_FILE = YES;
				MARKETING_VERSION = 1.0;
				PRODUCT_BUNDLE_IDENTIFIER = Dmitfree.CounterUITests;
				PRODUCT_NAME = "$(TARGET_NAME)";
				SWIFT_EMIT_LOC_STRINGS = NO;
				SWIFT_VERSION = 5.0;
				TARGETED_DEVICE_FAMILY = "1,2";
				TEST_TARGET_NAME = Counter;
			};
			name = Debug;
		};
		84CD4F4E2A4E16AB0022E399 /* Release */ = {
			isa = XCBuildConfiguration;
			buildSettings = {
				ALWAYS_EMBED_SWIFT_STANDARD_LIBRARIES = YES;
				CODE_SIGN_STYLE = Automatic;
				CURRENT_PROJECT_VERSION = 1;
				DEVELOPMENT_TEAM = JJ9B3D74LX;
				GENERATE_INFOPLIST_FILE = YES;
				MARKETING_VERSION = 1.0;
				PRODUCT_BUNDLE_IDENTIFIER = Dmitfree.CounterUITests;
				PRODUCT_NAME = "$(TARGET_NAME)";
				SWIFT_EMIT_LOC_STRINGS = NO;
				SWIFT_VERSION = 5.0;
				TARGETED_DEVICE_FAMILY = "1,2";
				TEST_TARGET_NAME = Counter;
			};
			name = Release;
		};
/* End XCBuildConfiguration section */

/* Begin XCConfigurationList section */
		84CD4F172A4E16A90022E399 /* Build configuration list for PBXProject "Counter" */ = {
			isa = XCConfigurationList;
			buildConfigurations = (
				84CD4F442A4E16AB0022E399 /* Debug */,
				84CD4F452A4E16AB0022E399 /* Release */,
			);
			defaultConfigurationIsVisible = 0;
			defaultConfigurationName = Release;
		};
		84CD4F462A4E16AB0022E399 /* Build configuration list for PBXNativeTarget "Counter" */ = {
			isa = XCConfigurationList;
			buildConfigurations = (
				84CD4F472A4E16AB0022E399 /* Debug */,
				84CD4F482A4E16AB0022E399 /* Release */,
			);
			defaultConfigurationIsVisible = 0;
			defaultConfigurationName = Release;
		};
		84CD4F492A4E16AB0022E399 /* Build configuration list for PBXNativeTarget "CounterTests" */ = {
			isa = XCConfigurationList;
			buildConfigurations = (
				84CD4F4A2A4E16AB0022E399 /* Debug */,
				84CD4F4B2A4E16AB0022E399 /* Release */,
			);
			defaultConfigurationIsVisible = 0;
			defaultConfigurationName = Release;
		};
		84CD4F4C2A4E16AB0022E399 /* Build configuration list for PBXNativeTarget "CounterUITests" */ = {
			isa = XCConfigurationList;
			buildConfigurations = (
				84CD4F4D2A4E16AB0022E399 /* Debug */,
				84CD4F4E2A4E16AB0022E399 /* Release */,
			);
			defaultConfigurationIsVisible = 0;
			defaultConfigurationName = Release;
		};
/* End XCConfigurationList section */
	};
	rootObject = 84CD4F142A4E16A90022E399 /* Project object */;
}
